
Microsoft Visual Studio Solution File, Format Version 12.00
# Visual Studio Version 17
VisualStudioVersion = 17.5.002.0
MinimumVisualStudioVersion = 10.0.40219.1
Project("{2150E333-8FDC-42A3-9474-1A3956D46DE8}") = "prepare", "prepare", "{41DDC8C9-6050-493A-9532-CCE58A27493E}"
EndProject
Project("{9A19103F-16F7-4668-BE54-9A1E7A4F7556}") = "Learning02", "prepare\Learning02\Learning02.csproj", "{36E7CDC8-29C9-432A-B005-8468C1935A7C}"
EndProject
Project("{9A19103F-16F7-4668-BE54-9A1E7A4F7556}") = "Learning05", "prepare\Learning05\Learning05.csproj", "{18A7058D-577D-4518-BED2-FC361CCE6BF3}"
EndProject
Project("{9A19103F-16F7-4668-BE54-9A1E7A4F7556}") = "Learning04", "prepare\Learning04\Learning04.csproj", "{ADC78CC0-AE34-40BE-81CB-0896300D5D1C}"
EndProject
Project("{9A19103F-16F7-4668-BE54-9A1E7A4F7556}") = "Learning03", "prepare\Learning03\Learning03.csproj", "{4C2BD591-C8E6-4DAE-94FC-2878D05D61C2}"
EndProject
Project("{2150E333-8FDC-42A3-9474-1A3956D46DE8}") = "prove", "prove", "{A821DDE1-A9E7-4518-B38A-779C1168F65A}"
EndProject
Project("{9A19103F-16F7-4668-BE54-9A1E7A4F7556}") = "Develop03", "prove\Develop03\Develop03.csproj", "{F0D7CB52-82BD-4BFB-BE4C-A2D356394FC2}"
EndProject
Project("{9A19103F-16F7-4668-BE54-9A1E7A4F7556}") = "Develop04", "prove\Develop04\Develop04.csproj", "{790F95E7-1161-4F1F-997A-5580818D4033}"
EndProject
Project("{9A19103F-16F7-4668-BE54-9A1E7A4F7556}") = "Develop05", "prove\Develop05\Develop05.csproj", "{AF394528-3335-4100-B7CA-444CEC49C284}"
EndProject
Project("{9A19103F-16F7-4668-BE54-9A1E7A4F7556}") = "Develop02", "prove\Develop02\Develop02.csproj", "{B6F36C37-969C-44F8-96D3-760B03941ABE}"
EndProject
Project("{2150E333-8FDC-42A3-9474-1A3956D46DE8}") = "sandbox", "sandbox", "{C889E9E5-E120-4354-B7F6-516F76EF18F8}"
EndProject
Project("{9A19103F-16F7-4668-BE54-9A1E7A4F7556}") = "Sandbox", "sandbox\Sandbox\Sandbox.csproj", "{5783B249-0013-41CB-83CB-3B6F55F79AA0}"
EndProject
Project("{2150E333-8FDC-42A3-9474-1A3956D46DE8}") = "final", "final", "{0630088B-1899-4382-B3C9-CDBDC3C667EC}"
EndProject
Project("{9A19103F-16F7-4668-BE54-9A1E7A4F7556}") = "FinalProject", "final\FinalProject\FinalProject.csproj", "{EFFAF87B-7891-4C53-9C47-DD564BB225AB}"
EndProject
Project("{9A19103F-16F7-4668-BE54-9A1E7A4F7556}") = "Foundation1", "final\Foundation1\Foundation1.csproj", "{D5C8517A-E0C6-4884-A60B-030135DB0D87}"
EndProject
Project("{9A19103F-16F7-4668-BE54-9A1E7A4F7556}") = "Foundation4", "final\Foundation4\Foundation4.csproj", "{53678491-B4D8-4D85-8A21-0A5BC6CB3DFB}"
EndProject
Project("{9A19103F-16F7-4668-BE54-9A1E7A4F7556}") = "Foundation3", "final\Foundation3\Foundation3.csproj", "{56F53027-728F-4E9E-9640-94249AA74A36}"
EndProject
Project("{9A19103F-16F7-4668-BE54-9A1E7A4F7556}") = "Foundation2", "final\Foundation2\Foundation2.csproj", "{3EC2B40D-2F3D-41F3-B54A-87ADBDFAA1F4}"
EndProject
Project("{2150E333-8FDC-42A3-9474-1A3956D46DE8}") = "csharp-prep", "csharp-prep", "{1987C156-DF5C-4805-ADBE-FDC433DB8554}"
EndProject
Project("{9A19103F-16F7-4668-BE54-9A1E7A4F7556}") = "Prep1", "csharp-prep\Prep1\Prep1.csproj", "{81D7EA59-4A35-433F-A549-479F8B6A7FC4}"
EndProject
Project("{9A19103F-16F7-4668-BE54-9A1E7A4F7556}") = "Prep5", "csharp-prep\Prep5\Prep5.csproj", "{09E629C4-F99D-41D9-BABC-0CE9BB70E111}"
EndProject
Project("{9A19103F-16F7-4668-BE54-9A1E7A4F7556}") = "Prep2", "csharp-prep\Prep2\Prep2.csproj", "{41F5A1AC-E6D7-4804-AAD1-4E27C2E7EB4E}"
EndProject
Project("{9A19103F-16F7-4668-BE54-9A1E7A4F7556}") = "Prep3", "csharp-prep\Prep3\Prep3.csproj", "{E9958AAA-BCFD-48D1-AF2D-83519E61C1EF}"
EndProject
Project("{9A19103F-16F7-4668-BE54-9A1E7A4F7556}") = "Prep4", "csharp-prep\Prep4\Prep4.csproj", "{38B54BE5-F5C5-4054-B9F4-B1F6F0F09054}"
EndProject
Global
	GlobalSection(SolutionConfigurationPlatforms) = preSolution
		Debug|Any CPU = Debug|Any CPU
		Release|Any CPU = Release|Any CPU
	EndGlobalSection
	GlobalSection(ProjectConfigurationPlatforms) = postSolution
		{36E7CDC8-29C9-432A-B005-8468C1935A7C}.Debug|Any CPU.ActiveCfg = Debug|Any CPU
		{36E7CDC8-29C9-432A-B005-8468C1935A7C}.Debug|Any CPU.Build.0 = Debug|Any CPU
		{36E7CDC8-29C9-432A-B005-8468C1935A7C}.Release|Any CPU.ActiveCfg = Release|Any CPU
		{36E7CDC8-29C9-432A-B005-8468C1935A7C}.Release|Any CPU.Build.0 = Release|Any CPU
		{18A7058D-577D-4518-BED2-FC361CCE6BF3}.Debug|Any CPU.ActiveCfg = Debug|Any CPU
		{18A7058D-577D-4518-BED2-FC361CCE6BF3}.Debug|Any CPU.Build.0 = Debug|Any CPU
		{18A7058D-577D-4518-BED2-FC361CCE6BF3}.Release|Any CPU.ActiveCfg = Release|Any CPU
		{18A7058D-577D-4518-BED2-FC361CCE6BF3}.Release|Any CPU.Build.0 = Release|Any CPU
		{ADC78CC0-AE34-40BE-81CB-0896300D5D1C}.Debug|Any CPU.ActiveCfg = Debug|Any CPU
		{ADC78CC0-AE34-40BE-81CB-0896300D5D1C}.Debug|Any CPU.Build.0 = Debug|Any CPU
		{ADC78CC0-AE34-40BE-81CB-0896300D5D1C}.Release|Any CPU.ActiveCfg = Release|Any CPU
		{ADC78CC0-AE34-40BE-81CB-0896300D5D1C}.Release|Any CPU.Build.0 = Release|Any CPU
		{4C2BD591-C8E6-4DAE-94FC-2878D05D61C2}.Debug|Any CPU.ActiveCfg = Debug|Any CPU
		{4C2BD591-C8E6-4DAE-94FC-2878D05D61C2}.Debug|Any CPU.Build.0 = Debug|Any CPU
		{4C2BD591-C8E6-4DAE-94FC-2878D05D61C2}.Release|Any CPU.ActiveCfg = Release|Any CPU
		{4C2BD591-C8E6-4DAE-94FC-2878D05D61C2}.Release|Any CPU.Build.0 = Release|Any CPU
		{F0D7CB52-82BD-4BFB-BE4C-A2D356394FC2}.Debug|Any CPU.ActiveCfg = Debug|Any CPU
		{F0D7CB52-82BD-4BFB-BE4C-A2D356394FC2}.Debug|Any CPU.Build.0 = Debug|Any CPU
		{F0D7CB52-82BD-4BFB-BE4C-A2D356394FC2}.Release|Any CPU.ActiveCfg = Release|Any CPU
		{F0D7CB52-82BD-4BFB-BE4C-A2D356394FC2}.Release|Any CPU.Build.0 = Release|Any CPU
		{790F95E7-1161-4F1F-997A-5580818D4033}.Debug|Any CPU.ActiveCfg = Debug|Any CPU
		{790F95E7-1161-4F1F-997A-5580818D4033}.Debug|Any CPU.Build.0 = Debug|Any CPU
		{790F95E7-1161-4F1F-997A-5580818D4033}.Release|Any CPU.ActiveCfg = Release|Any CPU
		{790F95E7-1161-4F1F-997A-5580818D4033}.Release|Any CPU.Build.0 = Release|Any CPU
		{AF394528-3335-4100-B7CA-444CEC49C284}.Debug|Any CPU.ActiveCfg = Debug|Any CPU
		{AF394528-3335-4100-B7CA-444CEC49C284}.Debug|Any CPU.Build.0 = Debug|Any CPU
		{AF394528-3335-4100-B7CA-444CEC49C284}.Release|Any CPU.ActiveCfg = Release|Any CPU
		{AF394528-3335-4100-B7CA-444CEC49C284}.Release|Any CPU.Build.0 = Release|Any CPU
		{B6F36C37-969C-44F8-96D3-760B03941ABE}.Debug|Any CPU.ActiveCfg = Debug|Any CPU
		{B6F36C37-969C-44F8-96D3-760B03941ABE}.Debug|Any CPU.Build.0 = Debug|Any CPU
		{B6F36C37-969C-44F8-96D3-760B03941ABE}.Release|Any CPU.ActiveCfg = Release|Any CPU
		{B6F36C37-969C-44F8-96D3-760B03941ABE}.Release|Any CPU.Build.0 = Release|Any CPU
		{5783B249-0013-41CB-83CB-3B6F55F79AA0}.Debug|Any CPU.ActiveCfg = Debug|Any CPU
		{5783B249-0013-41CB-83CB-3B6F55F79AA0}.Debug|Any CPU.Build.0 = Debug|Any CPU
		{5783B249-0013-41CB-83CB-3B6F55F79AA0}.Release|Any CPU.ActiveCfg = Release|Any CPU
		{5783B249-0013-41CB-83CB-3B6F55F79AA0}.Release|Any CPU.Build.0 = Release|Any CPU
		{EFFAF87B-7891-4C53-9C47-DD564BB225AB}.Debug|Any CPU.ActiveCfg = Debug|Any CPU
		{EFFAF87B-7891-4C53-9C47-DD564BB225AB}.Debug|Any CPU.Build.0 = Debug|Any CPU
		{EFFAF87B-7891-4C53-9C47-DD564BB225AB}.Release|Any CPU.ActiveCfg = Release|Any CPU
		{EFFAF87B-7891-4C53-9C47-DD564BB225AB}.Release|Any CPU.Build.0 = Release|Any CPU
		{D5C8517A-E0C6-4884-A60B-030135DB0D87}.Debug|Any CPU.ActiveCfg = Debug|Any CPU
		{D5C8517A-E0C6-4884-A60B-030135DB0D87}.Debug|Any CPU.Build.0 = Debug|Any CPU
		{D5C8517A-E0C6-4884-A60B-030135DB0D87}.Release|Any CPU.ActiveCfg = Release|Any CPU
		{D5C8517A-E0C6-4884-A60B-030135DB0D87}.Release|Any CPU.Build.0 = Release|Any CPU
		{53678491-B4D8-4D85-8A21-0A5BC6CB3DFB}.Debug|Any CPU.ActiveCfg = Debug|Any CPU
		{53678491-B4D8-4D85-8A21-0A5BC6CB3DFB}.Debug|Any CPU.Build.0 = Debug|Any CPU
		{53678491-B4D8-4D85-8A21-0A5BC6CB3DFB}.Release|Any CPU.ActiveCfg = Release|Any CPU
		{53678491-B4D8-4D85-8A21-0A5BC6CB3DFB}.Release|Any CPU.Build.0 = Release|Any CPU
		{56F53027-728F-4E9E-9640-94249AA74A36}.Debug|Any CPU.ActiveCfg = Debug|Any CPU
		{56F53027-728F-4E9E-9640-94249AA74A36}.Debug|Any CPU.Build.0 = Debug|Any CPU
		{56F53027-728F-4E9E-9640-94249AA74A36}.Release|Any CPU.ActiveCfg = Release|Any CPU
		{56F53027-728F-4E9E-9640-94249AA74A36}.Release|Any CPU.Build.0 = Release|Any CPU
		{3EC2B40D-2F3D-41F3-B54A-87ADBDFAA1F4}.Debug|Any CPU.ActiveCfg = Debug|Any CPU
		{3EC2B40D-2F3D-41F3-B54A-87ADBDFAA1F4}.Debug|Any CPU.Build.0 = Debug|Any CPU
		{3EC2B40D-2F3D-41F3-B54A-87ADBDFAA1F4}.Release|Any CPU.ActiveCfg = Release|Any CPU
		{3EC2B40D-2F3D-41F3-B54A-87ADBDFAA1F4}.Release|Any CPU.Build.0 = Release|Any CPU
		{81D7EA59-4A35-433F-A549-479F8B6A7FC4}.Debug|Any CPU.ActiveCfg = Debug|Any CPU
		{81D7EA59-4A35-433F-A549-479F8B6A7FC4}.Debug|Any CPU.Build.0 = Debug|Any CPU
		{81D7EA59-4A35-433F-A549-479F8B6A7FC4}.Release|Any CPU.ActiveCfg = Release|Any CPU
		{81D7EA59-4A35-433F-A549-479F8B6A7FC4}.Release|Any CPU.Build.0 = Release|Any CPU
		{09E629C4-F99D-41D9-BABC-0CE9BB70E111}.Debug|Any CPU.ActiveCfg = Debug|Any CPU
		{09E629C4-F99D-41D9-BABC-0CE9BB70E111}.Debug|Any CPU.Build.0 = Debug|Any CPU
		{09E629C4-F99D-41D9-BABC-0CE9BB70E111}.Release|Any CPU.ActiveCfg = Release|Any CPU
		{09E629C4-F99D-41D9-BABC-0CE9BB70E111}.Release|Any CPU.Build.0 = Release|Any CPU
		{41F5A1AC-E6D7-4804-AAD1-4E27C2E7EB4E}.Debug|Any CPU.ActiveCfg = Debug|Any CPU
		{41F5A1AC-E6D7-4804-AAD1-4E27C2E7EB4E}.Debug|Any CPU.Build.0 = Debug|Any CPU
		{41F5A1AC-E6D7-4804-AAD1-4E27C2E7EB4E}.Release|Any CPU.ActiveCfg = Release|Any CPU
		{41F5A1AC-E6D7-4804-AAD1-4E27C2E7EB4E}.Release|Any CPU.Build.0 = Release|Any CPU
		{E9958AAA-BCFD-48D1-AF2D-83519E61C1EF}.Debug|Any CPU.ActiveCfg = Debug|Any CPU
		{E9958AAA-BCFD-48D1-AF2D-83519E61C1EF}.Debug|Any CPU.Build.0 = Debug|Any CPU
		{E9958AAA-BCFD-48D1-AF2D-83519E61C1EF}.Release|Any CPU.ActiveCfg = Release|Any CPU
		{E9958AAA-BCFD-48D1-AF2D-83519E61C1EF}.Release|Any CPU.Build.0 = Release|Any CPU
		{38B54BE5-F5C5-4054-B9F4-B1F6F0F09054}.Debug|Any CPU.ActiveCfg = Debug|Any CPU
		{38B54BE5-F5C5-4054-B9F4-B1F6F0F09054}.Debug|Any CPU.Build.0 = Debug|Any CPU
		{38B54BE5-F5C5-4054-B9F4-B1F6F0F09054}.Release|Any CPU.ActiveCfg = Release|Any CPU
		{38B54BE5-F5C5-4054-B9F4-B1F6F0F09054}.Release|Any CPU.Build.0 = Release|Any CPU
	EndGlobalSection
	GlobalSection(SolutionProperties) = preSolution
		HideSolutionNode = FALSE
	EndGlobalSection
	GlobalSection(NestedProjects) = preSolution
		{36E7CDC8-29C9-432A-B005-8468C1935A7C} = {41DDC8C9-6050-493A-9532-CCE58A27493E}
		{18A7058D-577D-4518-BED2-FC361CCE6BF3} = {41DDC8C9-6050-493A-9532-CCE58A27493E}
		{ADC78CC0-AE34-40BE-81CB-0896300D5D1C} = {41DDC8C9-6050-493A-9532-CCE58A27493E}
		{4C2BD591-C8E6-4DAE-94FC-2878D05D61C2} = {41DDC8C9-6050-493A-9532-CCE58A27493E}
		{F0D7CB52-82BD-4BFB-BE4C-A2D356394FC2} = {A821DDE1-A9E7-4518-B38A-779C1168F65A}
		{790F95E7-1161-4F1F-997A-5580818D4033} = {A821DDE1-A9E7-4518-B38A-779C1168F65A}
		{AF394528-3335-4100-B7CA-444CEC49C284} = {A821DDE1-A9E7-4518-B38A-779C1168F65A}
		{B6F36C37-969C-44F8-96D3-760B03941ABE} = {A821DDE1-A9E7-4518-B38A-779C1168F65A}
		{5783B249-0013-41CB-83CB-3B6F55F79AA0} = {C889E9E5-E120-4354-B7F6-516F76EF18F8}
		{EFFAF87B-7891-4C53-9C47-DD564BB225AB} = {0630088B-1899-4382-B3C9-CDBDC3C667EC}
		{D5C8517A-E0C6-4884-A60B-030135DB0D87} = {0630088B-1899-4382-B3C9-CDBDC3C667EC}
		{53678491-B4D8-4D85-8A21-0A5BC6CB3DFB} = {0630088B-1899-4382-B3C9-CDBDC3C667EC}
		{56F53027-728F-4E9E-9640-94249AA74A36} = {0630088B-1899-4382-B3C9-CDBDC3C667EC}
		{3EC2B40D-2F3D-41F3-B54A-87ADBDFAA1F4} = {0630088B-1899-4382-B3C9-CDBDC3C667EC}
		{81D7EA59-4A35-433F-A549-479F8B6A7FC4} = {1987C156-DF5C-4805-ADBE-FDC433DB8554}
		{09E629C4-F99D-41D9-BABC-0CE9BB70E111} = {1987C156-DF5C-4805-ADBE-FDC433DB8554}
		{41F5A1AC-E6D7-4804-AAD1-4E27C2E7EB4E} = {1987C156-DF5C-4805-ADBE-FDC433DB8554}
		{E9958AAA-BCFD-48D1-AF2D-83519E61C1EF} = {1987C156-DF5C-4805-ADBE-FDC433DB8554}
		{38B54BE5-F5C5-4054-B9F4-B1F6F0F09054} = {1987C156-DF5C-4805-ADBE-FDC433DB8554}
	EndGlobalSection
	GlobalSection(ExtensibilityGlobals) = postSolution
		SolutionGuid = {63E1540C-95D1-4A61-81FC-E77B3ABCE9DC}
	EndGlobalSection
EndGlobal
